
Microsoft Visual Studio Solution File, Format Version 12.00
# Visual Studio 15
VisualStudioVersion = 15.0.28307.106
MinimumVisualStudioVersion = 10.0.40219.1
Project("{FAE04EC0-301F-11D3-BF4B-00C04F79EFBC}") = "01. Smallest of Three Numbers", "01. Smallest of Three Numbers\01. Smallest of Three Numbers.csproj", "{3C506F1F-DFDA-44AA-8336-3AF68C7D89F4}"
EndProject
Project("{FAE04EC0-301F-11D3-BF4B-00C04F79EFBC}") = "02. Vowels Count", "02. Vowels Count\02. Vowels Count.csproj", "{500C4D6D-E2CF-47C6-A0F7-CBDE8057E7A6}"
EndProject
Project("{FAE04EC0-301F-11D3-BF4B-00C04F79EFBC}") = "03. Characters in Range", "03. Characters in Range\03. Characters in Range.csproj", "{0DAD6982-325D-43F3-B4F2-C6EAC7C1A715}"
EndProject
Global
	GlobalSection(SolutionConfigurationPlatforms) = preSolution
		Debug|Any CPU = Debug|Any CPU
		Release|Any CPU = Release|Any CPU
	EndGlobalSection
	GlobalSection(ProjectConfigurationPlatforms) = postSolution
		{3C506F1F-DFDA-44AA-8336-3AF68C7D89F4}.Debug|Any CPU.ActiveCfg = Debug|Any CPU
		{3C506F1F-DFDA-44AA-8336-3AF68C7D89F4}.Debug|Any CPU.Build.0 = Debug|Any CPU
		{3C506F1F-DFDA-44AA-8336-3AF68C7D89F4}.Release|Any CPU.ActiveCfg = Release|Any CPU
		{3C506F1F-DFDA-44AA-8336-3AF68C7D89F4}.Release|Any CPU.Build.0 = Release|Any CPU
		{500C4D6D-E2CF-47C6-A0F7-CBDE8057E7A6}.Debug|Any CPU.ActiveCfg = Debug|Any CPU
		{500C4D6D-E2CF-47C6-A0F7-CBDE8057E7A6}.Debug|Any CPU.Build.0 = Debug|Any CPU
		{500C4D6D-E2CF-47C6-A0F7-CBDE8057E7A6}.Release|Any CPU.ActiveCfg = Release|Any CPU
		{500C4D6D-E2CF-47C6-A0F7-CBDE8057E7A6}.Release|Any CPU.Build.0 = Release|Any CPU
		{0DAD6982-325D-43F3-B4F2-C6EAC7C1A715}.Debug|Any CPU.ActiveCfg = Debug|Any CPU
		{0DAD6982-325D-43F3-B4F2-C6EAC7C1A715}.Debug|Any CPU.Build.0 = Debug|Any CPU
		{0DAD6982-325D-43F3-B4F2-C6EAC7C1A715}.Release|Any CPU.ActiveCfg = Release|Any CPU
		{0DAD6982-325D-43F3-B4F2-C6EAC7C1A715}.Release|Any CPU.Build.0 = Release|Any CPU
	EndGlobalSection
	GlobalSection(SolutionProperties) = preSolution
		HideSolutionNode = FALSE
	EndGlobalSection
	GlobalSection(ExtensibilityGlobals) = postSolution
		SolutionGuid = {697C2503-096A-4C75-89C6-008007976F37}
	EndGlobalSection
EndGlobal
