
Microsoft Visual Studio Solution File, Format Version 12.00
# Visual Studio 15
VisualStudioVersion = 15.0.28307.106
MinimumVisualStudioVersion = 10.0.40219.1
Project("{FAE04EC0-301F-11D3-BF4B-00C04F79EFBC}") = "01. Train", "01. Train\01. Train.csproj", "{CF937A0E-18D6-4497-8223-43FD11B08F3A}"
EndProject
Project("{FAE04EC0-301F-11D3-BF4B-00C04F79EFBC}") = "02. Change List", "02. Change List\02. Change List.csproj", "{7651F080-DF29-40A0-B635-42B1E95D2E4A}"
EndProject
Project("{FAE04EC0-301F-11D3-BF4B-00C04F79EFBC}") = "03. House Party", "03. House Party\03. House Party.csproj", "{7EF1229B-3317-4DE5-A177-71B63C1D5FBC}"
EndProject
Project("{FAE04EC0-301F-11D3-BF4B-00C04F79EFBC}") = "04. List Operations", "04. List Operations\04. List Operations.csproj", "{4F402C6C-1E0A-4E5F-ADF4-C61B7855A463}"
EndProject
Project("{FAE04EC0-301F-11D3-BF4B-00C04F79EFBC}") = "05. Bomb Numbers", "05. Bomb Numbers\05. Bomb Numbers.csproj", "{6DC06207-C15F-4BCF-B3A1-06101F0F773C}"
EndProject
Project("{FAE04EC0-301F-11D3-BF4B-00C04F79EFBC}") = "06. Cards Game", "06. Cards Game\06. Cards Game.csproj", "{47B91349-5A7A-4BB6-AF5B-D40112650D8A}"
EndProject
Project("{FAE04EC0-301F-11D3-BF4B-00C04F79EFBC}") = "07. Append Arrays", "07. Append Arrays\07. Append Arrays.csproj", "{1A5D1145-D3A4-4CC7-AFD0-A60CE34237BD}"
EndProject
Project("{FAE04EC0-301F-11D3-BF4B-00C04F79EFBC}") = "08. Anonymous Threat", "08. Anonymous Threat\08. Anonymous Threat.csproj", "{72428BFE-6221-4D78-A8EE-FEFE0022C496}"
EndProject
Project("{FAE04EC0-301F-11D3-BF4B-00C04F79EFBC}") = "09. Pokemon Don't Go", "09. Pokemon Don't Go\09. Pokemon Don't Go.csproj", "{7D1F1DB8-CB92-4EE5-A3BC-F2E32F569349}"
EndProject
Project("{FAE04EC0-301F-11D3-BF4B-00C04F79EFBC}") = "10. SoftUni Course Planning", "10. SoftUni Course Planning\10. SoftUni Course Planning.csproj", "{9CB5BBE2-C03C-475B-AD92-E516676B1F87}"
EndProject
Global
	GlobalSection(SolutionConfigurationPlatforms) = preSolution
		Debug|Any CPU = Debug|Any CPU
		Release|Any CPU = Release|Any CPU
	EndGlobalSection
	GlobalSection(ProjectConfigurationPlatforms) = postSolution
		{CF937A0E-18D6-4497-8223-43FD11B08F3A}.Debug|Any CPU.ActiveCfg = Debug|Any CPU
		{CF937A0E-18D6-4497-8223-43FD11B08F3A}.Debug|Any CPU.Build.0 = Debug|Any CPU
		{CF937A0E-18D6-4497-8223-43FD11B08F3A}.Release|Any CPU.ActiveCfg = Release|Any CPU
		{CF937A0E-18D6-4497-8223-43FD11B08F3A}.Release|Any CPU.Build.0 = Release|Any CPU
		{7651F080-DF29-40A0-B635-42B1E95D2E4A}.Debug|Any CPU.ActiveCfg = Debug|Any CPU
		{7651F080-DF29-40A0-B635-42B1E95D2E4A}.Debug|Any CPU.Build.0 = Debug|Any CPU
		{7651F080-DF29-40A0-B635-42B1E95D2E4A}.Release|Any CPU.ActiveCfg = Release|Any CPU
		{7651F080-DF29-40A0-B635-42B1E95D2E4A}.Release|Any CPU.Build.0 = Release|Any CPU
		{7EF1229B-3317-4DE5-A177-71B63C1D5FBC}.Debug|Any CPU.ActiveCfg = Debug|Any CPU
		{7EF1229B-3317-4DE5-A177-71B63C1D5FBC}.Debug|Any CPU.Build.0 = Debug|Any CPU
		{7EF1229B-3317-4DE5-A177-71B63C1D5FBC}.Release|Any CPU.ActiveCfg = Release|Any CPU
		{7EF1229B-3317-4DE5-A177-71B63C1D5FBC}.Release|Any CPU.Build.0 = Release|Any CPU
		{4F402C6C-1E0A-4E5F-ADF4-C61B7855A463}.Debug|Any CPU.ActiveCfg = Debug|Any CPU
		{4F402C6C-1E0A-4E5F-ADF4-C61B7855A463}.Debug|Any CPU.Build.0 = Debug|Any CPU
		{4F402C6C-1E0A-4E5F-ADF4-C61B7855A463}.Release|Any CPU.ActiveCfg = Release|Any CPU
		{4F402C6C-1E0A-4E5F-ADF4-C61B7855A463}.Release|Any CPU.Build.0 = Release|Any CPU
		{6DC06207-C15F-4BCF-B3A1-06101F0F773C}.Debug|Any CPU.ActiveCfg = Debug|Any CPU
		{6DC06207-C15F-4BCF-B3A1-06101F0F773C}.Debug|Any CPU.Build.0 = Debug|Any CPU
		{6DC06207-C15F-4BCF-B3A1-06101F0F773C}.Release|Any CPU.ActiveCfg = Release|Any CPU
		{6DC06207-C15F-4BCF-B3A1-06101F0F773C}.Release|Any CPU.Build.0 = Release|Any CPU
		{47B91349-5A7A-4BB6-AF5B-D40112650D8A}.Debug|Any CPU.ActiveCfg = Debug|Any CPU
		{47B91349-5A7A-4BB6-AF5B-D40112650D8A}.Debug|Any CPU.Build.0 = Debug|Any CPU
		{47B91349-5A7A-4BB6-AF5B-D40112650D8A}.Release|Any CPU.ActiveCfg = Release|Any CPU
		{47B91349-5A7A-4BB6-AF5B-D40112650D8A}.Release|Any CPU.Build.0 = Release|Any CPU
		{1A5D1145-D3A4-4CC7-AFD0-A60CE34237BD}.Debug|Any CPU.ActiveCfg = Debug|Any CPU
		{1A5D1145-D3A4-4CC7-AFD0-A60CE34237BD}.Debug|Any CPU.Build.0 = Debug|Any CPU
		{1A5D1145-D3A4-4CC7-AFD0-A60CE34237BD}.Release|Any CPU.ActiveCfg = Release|Any CPU
		{1A5D1145-D3A4-4CC7-AFD0-A60CE34237BD}.Release|Any CPU.Build.0 = Release|Any CPU
		{72428BFE-6221-4D78-A8EE-FEFE0022C496}.Debug|Any CPU.ActiveCfg = Debug|Any CPU
		{72428BFE-6221-4D78-A8EE-FEFE0022C496}.Debug|Any CPU.Build.0 = Debug|Any CPU
		{72428BFE-6221-4D78-A8EE-FEFE0022C496}.Release|Any CPU.ActiveCfg = Release|Any CPU
		{72428BFE-6221-4D78-A8EE-FEFE0022C496}.Release|Any CPU.Build.0 = Release|Any CPU
		{7D1F1DB8-CB92-4EE5-A3BC-F2E32F569349}.Debug|Any CPU.ActiveCfg = Debug|Any CPU
		{7D1F1DB8-CB92-4EE5-A3BC-F2E32F569349}.Debug|Any CPU.Build.0 = Debug|Any CPU
		{7D1F1DB8-CB92-4EE5-A3BC-F2E32F569349}.Release|Any CPU.ActiveCfg = Release|Any CPU
		{7D1F1DB8-CB92-4EE5-A3BC-F2E32F569349}.Release|Any CPU.Build.0 = Release|Any CPU
		{9CB5BBE2-C03C-475B-AD92-E516676B1F87}.Debug|Any CPU.ActiveCfg = Debug|Any CPU
		{9CB5BBE2-C03C-475B-AD92-E516676B1F87}.Debug|Any CPU.Build.0 = Debug|Any CPU
		{9CB5BBE2-C03C-475B-AD92-E516676B1F87}.Release|Any CPU.ActiveCfg = Release|Any CPU
		{9CB5BBE2-C03C-475B-AD92-E516676B1F87}.Release|Any CPU.Build.0 = Release|Any CPU
	EndGlobalSection
	GlobalSection(SolutionProperties) = preSolution
		HideSolutionNode = FALSE
	EndGlobalSection
	GlobalSection(ExtensibilityGlobals) = postSolution
		SolutionGuid = {B30A97D8-B9E1-485C-A65C-F0A12C9F63B9}
	EndGlobalSection
EndGlobal
